// !$*UTF8*$!
{
	archiveVersion = 1;
	classes = {
	};
	objectVersion = 50;
	objects = {

/* Begin PBXBuildFile section */
		3ED2464526E17C830036CE2E /* AppDelegate.swift in Sources */ = {isa = PBXBuildFile; fileRef = 3ED2464426E17C830036CE2E /* AppDelegate.swift */; };
		3ED2464726E17C830036CE2E /* SceneDelegate.swift in Sources */ = {isa = PBXBuildFile; fileRef = 3ED2464626E17C830036CE2E /* SceneDelegate.swift */; };
		3ED2464926E17C830036CE2E /* ViewController.swift in Sources */ = {isa = PBXBuildFile; fileRef = 3ED2464826E17C830036CE2E /* ViewController.swift */; };
		3ED2464C26E17C830036CE2E /* Main.storyboard in Resources */ = {isa = PBXBuildFile; fileRef = 3ED2464A26E17C830036CE2E /* Main.storyboard */; };
		3ED2464F26E17C830036CE2E /* WetherApp.xcdatamodeld in Sources */ = {isa = PBXBuildFile; fileRef = 3ED2464D26E17C830036CE2E /* WetherApp.xcdatamodeld */; };
		3ED2465126E17C840036CE2E /* Assets.xcassets in Resources */ = {isa = PBXBuildFile; fileRef = 3ED2465026E17C840036CE2E /* Assets.xcassets */; };
		3ED2465426E17C840036CE2E /* LaunchScreen.storyboard in Resources */ = {isa = PBXBuildFile; fileRef = 3ED2465226E17C840036CE2E /* LaunchScreen.storyboard */; };
		3ED2465F26E17C850036CE2E /* WetherAppTests.swift in Sources */ = {isa = PBXBuildFile; fileRef = 3ED2465E26E17C850036CE2E /* WetherAppTests.swift */; };
		3ED2466A26E17C850036CE2E /* WetherAppUITests.swift in Sources */ = {isa = PBXBuildFile; fileRef = 3ED2466926E17C850036CE2E /* WetherAppUITests.swift */; };
/* End PBXBuildFile section */

/* Begin PBXContainerItemProxy section */
		3ED2465B26E17C850036CE2E /* PBXContainerItemProxy */ = {
			isa = PBXContainerItemProxy;
			containerPortal = 3ED2463926E17C830036CE2E /* Project object */;
			proxyType = 1;
			remoteGlobalIDString = 3ED2464026E17C830036CE2E;
			remoteInfo = WetherApp;
		};
		3ED2466626E17C850036CE2E /* PBXContainerItemProxy */ = {
			isa = PBXContainerItemProxy;
			containerPortal = 3ED2463926E17C830036CE2E /* Project object */;
			proxyType = 1;
			remoteGlobalIDString = 3ED2464026E17C830036CE2E;
			remoteInfo = WetherApp;
		};
/* End PBXContainerItemProxy section */

/* Begin PBXFileReference section */
		3ED2464126E17C830036CE2E /* WetherApp.app */ = {isa = PBXFileReference; explicitFileType = wrapper.application; includeInIndex = 0; path = WetherApp.app; sourceTree = BUILT_PRODUCTS_DIR; };
		3ED2464426E17C830036CE2E /* AppDelegate.swift */ = {isa = PBXFileReference; lastKnownFileType = sourcecode.swift; path = AppDelegate.swift; sourceTree = "<group>"; };
		3ED2464626E17C830036CE2E /* SceneDelegate.swift */ = {isa = PBXFileReference; lastKnownFileType = sourcecode.swift; path = SceneDelegate.swift; sourceTree = "<group>"; };
		3ED2464826E17C830036CE2E /* ViewController.swift */ = {isa = PBXFileReference; lastKnownFileType = sourcecode.swift; path = ViewController.swift; sourceTree = "<group>"; };
		3ED2464B26E17C830036CE2E /* Base */ = {isa = PBXFileReference; lastKnownFileType = file.storyboard; name = Base; path = Base.lproj/Main.storyboard; sourceTree = "<group>"; };
		3ED2464E26E17C830036CE2E /* WetherApp.xcdatamodel */ = {isa = PBXFileReference; lastKnownFileType = wrapper.xcdatamodel; path = WetherApp.xcdatamodel; sourceTree = "<group>"; };
		3ED2465026E17C840036CE2E /* Assets.xcassets */ = {isa = PBXFileReference; lastKnownFileType = folder.assetcatalog; path = Assets.xcassets; sourceTree = "<group>"; };
		3ED2465326E17C840036CE2E /* Base */ = {isa = PBXFileReference; lastKnownFileType = file.storyboard; name = Base; path = Base.lproj/LaunchScreen.storyboard; sourceTree = "<group>"; };
		3ED2465526E17C840036CE2E /* Info.plist */ = {isa = PBXFileReference; lastKnownFileType = text.plist.xml; path = Info.plist; sourceTree = "<group>"; };
		3ED2465A26E17C850036CE2E /* WetherAppTests.xctest */ = {isa = PBXFileReference; explicitFileType = wrapper.cfbundle; includeInIndex = 0; path = WetherAppTests.xctest; sourceTree = BUILT_PRODUCTS_DIR; };
		3ED2465E26E17C850036CE2E /* WetherAppTests.swift */ = {isa = PBXFileReference; lastKnownFileType = sourcecode.swift; path = WetherAppTests.swift; sourceTree = "<group>"; };
		3ED2466026E17C850036CE2E /* Info.plist */ = {isa = PBXFileReference; lastKnownFileType = text.plist.xml; path = Info.plist; sourceTree = "<group>"; };
		3ED2466526E17C850036CE2E /* WetherAppUITests.xctest */ = {isa = PBXFileReference; explicitFileType = wrapper.cfbundle; includeInIndex = 0; path = WetherAppUITests.xctest; sourceTree = BUILT_PRODUCTS_DIR; };
		3ED2466926E17C850036CE2E /* WetherAppUITests.swift */ = {isa = PBXFileReference; lastKnownFileType = sourcecode.swift; path = WetherAppUITests.swift; sourceTree = "<group>"; };
		3ED2466B26E17C850036CE2E /* Info.plist */ = {isa = PBXFileReference; lastKnownFileType = text.plist.xml; path = Info.plist; sourceTree = "<group>"; };
/* End PBXFileReference section */

/* Begin PBXFrameworksBuildPhase section */
		3ED2463E26E17C830036CE2E /* Frameworks */ = {
			isa = PBXFrameworksBuildPhase;
			buildActionMask = 2147483647;
			files = (
			);
			runOnlyForDeploymentPostprocessing = 0;
		};
		3ED2465726E17C850036CE2E /* Frameworks */ = {
			isa = PBXFrameworksBuildPhase;
			buildActionMask = 2147483647;
			files = (
			);
			runOnlyForDeploymentPostprocessing = 0;
		};
		3ED2466226E17C850036CE2E /* Frameworks */ = {
			isa = PBXFrameworksBuildPhase;
			buildActionMask = 2147483647;
			files = (
			);
			runOnlyForDeploymentPostprocessing = 0;
		};
/* End PBXFrameworksBuildPhase section */

/* Begin PBXGroup section */
		3ED2463826E17C830036CE2E = {
			isa = PBXGroup;
			children = (
				3ED2464326E17C830036CE2E /* WetherApp */,
				3ED2465D26E17C850036CE2E /* WetherAppTests */,
				3ED2466826E17C850036CE2E /* WetherAppUITests */,
				3ED2464226E17C830036CE2E /* Products */,
			);
			sourceTree = "<group>";
		};
		3ED2464226E17C830036CE2E /* Products */ = {
			isa = PBXGroup;
			children = (
				3ED2464126E17C830036CE2E /* WetherApp.app */,
				3ED2465A26E17C850036CE2E /* WetherAppTests.xctest */,
				3ED2466526E17C850036CE2E /* WetherAppUITests.xctest */,
			);
			name = Products;
			sourceTree = "<group>";
		};
		3ED2464326E17C830036CE2E /* WetherApp */ = {
			isa = PBXGroup;
			children = (
				3ED2464426E17C830036CE2E /* AppDelegate.swift */,
				3ED2464626E17C830036CE2E /* SceneDelegate.swift */,
				3ED2464826E17C830036CE2E /* ViewController.swift */,
				3ED2464A26E17C830036CE2E /* Main.storyboard */,
				3ED2465026E17C840036CE2E /* Assets.xcassets */,
				3ED2465226E17C840036CE2E /* LaunchScreen.storyboard */,
				3ED2465526E17C840036CE2E /* Info.plist */,
				3ED2464D26E17C830036CE2E /* WetherApp.xcdatamodeld */,
			);
			path = WetherApp;
			sourceTree = "<group>";
		};
		3ED2465D26E17C850036CE2E /* WetherAppTests */ = {
			isa = PBXGroup;
			children = (
				3ED2465E26E17C850036CE2E /* WetherAppTests.swift */,
				3ED2466026E17C850036CE2E /* Info.plist */,
			);
			path = WetherAppTests;
			sourceTree = "<group>";
		};
		3ED2466826E17C850036CE2E /* WetherAppUITests */ = {
			isa = PBXGroup;
			children = (
				3ED2466926E17C850036CE2E /* WetherAppUITests.swift */,
				3ED2466B26E17C850036CE2E /* Info.plist */,
			);
			path = WetherAppUITests;
			sourceTree = "<group>";
		};
/* End PBXGroup section */

/* Begin PBXNativeTarget section */
		3ED2464026E17C830036CE2E /* WetherApp */ = {
			isa = PBXNativeTarget;
			buildConfigurationList = 3ED2466E26E17C850036CE2E /* Build configuration list for PBXNativeTarget "WetherApp" */;
			buildPhases = (
				3ED2463D26E17C830036CE2E /* Sources */,
				3ED2463E26E17C830036CE2E /* Frameworks */,
				3ED2463F26E17C830036CE2E /* Resources */,
			);
			buildRules = (
			);
			dependencies = (
			);
			name = WetherApp;
			productName = WetherApp;
			productReference = 3ED2464126E17C830036CE2E /* WetherApp.app */;
			productType = "com.apple.product-type.application";
		};
		3ED2465926E17C850036CE2E /* WetherAppTests */ = {
			isa = PBXNativeTarget;
			buildConfigurationList = 3ED2467126E17C850036CE2E /* Build configuration list for PBXNativeTarget "WetherAppTests" */;
			buildPhases = (
				3ED2465626E17C850036CE2E /* Sources */,
				3ED2465726E17C850036CE2E /* Frameworks */,
				3ED2465826E17C850036CE2E /* Resources */,
			);
			buildRules = (
			);
			dependencies = (
				3ED2465C26E17C850036CE2E /* PBXTargetDependency */,
			);
			name = WetherAppTests;
			productName = WetherAppTests;
			productReference = 3ED2465A26E17C850036CE2E /* WetherAppTests.xctest */;
			productType = "com.apple.product-type.bundle.unit-test";
		};
		3ED2466426E17C850036CE2E /* WetherAppUITests */ = {
			isa = PBXNativeTarget;
			buildConfigurationList = 3ED2467426E17C850036CE2E /* Build configuration list for PBXNativeTarget "WetherAppUITests" */;
			buildPhases = (
				3ED2466126E17C850036CE2E /* Sources */,
				3ED2466226E17C850036CE2E /* Frameworks */,
				3ED2466326E17C850036CE2E /* Resources */,
			);
			buildRules = (
			);
			dependencies = (
				3ED2466726E17C850036CE2E /* PBXTargetDependency */,
			);
			name = WetherAppUITests;
			productName = WetherAppUITests;
			productReference = 3ED2466526E17C850036CE2E /* WetherAppUITests.xctest */;
			productType = "com.apple.product-type.bundle.ui-testing";
		};
/* End PBXNativeTarget section */

/* Begin PBXProject section */
		3ED2463926E17C830036CE2E /* Project object */ = {
			isa = PBXProject;
			attributes = {
				LastSwiftUpdateCheck = 1220;
				LastUpgradeCheck = 1220;
				TargetAttributes = {
					3ED2464026E17C830036CE2E = {
						CreatedOnToolsVersion = 12.2;
					};
					3ED2465926E17C850036CE2E = {
						CreatedOnToolsVersion = 12.2;
						TestTargetID = 3ED2464026E17C830036CE2E;
					};
					3ED2466426E17C850036CE2E = {
						CreatedOnToolsVersion = 12.2;
						TestTargetID = 3ED2464026E17C830036CE2E;
					};
				};
			};
			buildConfigurationList = 3ED2463C26E17C830036CE2E /* Build configuration list for PBXProject "WetherApp" */;
			compatibilityVersion = "Xcode 9.3";
			developmentRegion = en;
			hasScannedForEncodings = 0;
			knownRegions = (
				en,
				Base,
			);
			mainGroup = 3ED2463826E17C830036CE2E;
			productRefGroup = 3ED2464226E17C830036CE2E /* Products */;
			projectDirPath = "";
			projectRoot = "";
			targets = (
				3ED2464026E17C830036CE2E /* WetherApp */,
				3ED2465926E17C850036CE2E /* WetherAppTests */,
				3ED2466426E17C850036CE2E /* WetherAppUITests */,
			);
		};
/* End PBXProject section */

/* Begin PBXResourcesBuildPhase section */
		3ED2463F26E17C830036CE2E /* Resources */ = {
			isa = PBXResourcesBuildPhase;
			buildActionMask = 2147483647;
			files = (
				3ED2465426E17C840036CE2E /* LaunchScreen.storyboard in Resources */,
				3ED2465126E17C840036CE2E /* Assets.xcassets in Resources */,
				3ED2464C26E17C830036CE2E /* Main.storyboard in Resources */,
			);
			runOnlyForDeploymentPostprocessing = 0;
		};
		3ED2465826E17C850036CE2E /* Resources */ = {
			isa = PBXResourcesBuildPhase;
			buildActionMask = 2147483647;
			files = (
			);
			runOnlyForDeploymentPostprocessing = 0;
		};
		3ED2466326E17C850036CE2E /* Resources */ = {
			isa = PBXResourcesBuildPhase;
			buildActionMask = 2147483647;
			files = (
			);
			runOnlyForDeploymentPostprocessing = 0;
		};
/* End PBXResourcesBuildPhase section */

/* Begin PBXSourcesBuildPhase section */
		3ED2463D26E17C830036CE2E /* Sources */ = {
			isa = PBXSourcesBuildPhase;
			buildActionMask = 2147483647;
			files = (
				3ED2464926E17C830036CE2E /* ViewController.swift in Sources */,
				3ED2464526E17C830036CE2E /* AppDelegate.swift in Sources */,
				3ED2464F26E17C830036CE2E /* WetherApp.xcdatamodeld in Sources */,
				3ED2464726E17C830036CE2E /* SceneDelegate.swift in Sources */,
			);
			runOnlyForDeploymentPostprocessing = 0;
		};
		3ED2465626E17C850036CE2E /* Sources */ = {
			isa = PBXSourcesBuildPhase;
			buildActionMask = 2147483647;
			files = (
				3ED2465F26E17C850036CE2E /* WetherAppTests.swift in Sources */,
			);
			runOnlyForDeploymentPostprocessing = 0;
		};
		3ED2466126E17C850036CE2E /* Sources */ = {
			isa = PBXSourcesBuildPhase;
			buildActionMask = 2147483647;
			files = (
				3ED2466A26E17C850036CE2E /* WetherAppUITests.swift in Sources */,
			);
			runOnlyForDeploymentPostprocessing = 0;
		};
/* End PBXSourcesBuildPhase section */

/* Begin PBXTargetDependency section */
		3ED2465C26E17C850036CE2E /* PBXTargetDependency */ = {
			isa = PBXTargetDependency;
			target = 3ED2464026E17C830036CE2E /* WetherApp */;
			targetProxy = 3ED2465B26E17C850036CE2E /* PBXContainerItemProxy */;
		};
		3ED2466726E17C850036CE2E /* PBXTargetDependency */ = {
			isa = PBXTargetDependency;
			target = 3ED2464026E17C830036CE2E /* WetherApp */;
			targetProxy = 3ED2466626E17C850036CE2E /* PBXContainerItemProxy */;
		};
/* End PBXTargetDependency section */

/* Begin PBXVariantGroup section */
		3ED2464A26E17C830036CE2E /* Main.storyboard */ = {
			isa = PBXVariantGroup;
			children = (
				3ED2464B26E17C830036CE2E /* Base */,
			);
			name = Main.storyboard;
			sourceTree = "<group>";
		};
		3ED2465226E17C840036CE2E /* LaunchScreen.storyboard */ = {
			isa = PBXVariantGroup;
			children = (
				3ED2465326E17C840036CE2E /* Base */,
			);
			name = LaunchScreen.storyboard;
			sourceTree = "<group>";
		};
/* End PBXVariantGroup section */

/* Begin XCBuildConfiguration section */
		3ED2466C26E17C850036CE2E /* Debug */ = {
			isa = XCBuildConfiguration;
			buildSettings = {
				ALWAYS_SEARCH_USER_PATHS = NO;
				CLANG_ANALYZER_NONNULL = YES;
				CLANG_ANALYZER_NUMBER_OBJECT_CONVERSION = YES_AGGRESSIVE;
				CLANG_CXX_LANGUAGE_STANDARD = "gnu++14";
				CLANG_CXX_LIBRARY = "libc++";
				CLANG_ENABLE_MODULES = YES;
				CLANG_ENABLE_OBJC_ARC = YES;
				CLANG_ENABLE_OBJC_WEAK = YES;
				CLANG_WARN_BLOCK_CAPTURE_AUTORELEASING = YES;
				CLANG_WARN_BOOL_CONVERSION = YES;
				CLANG_WARN_COMMA = YES;
				CLANG_WARN_CONSTANT_CONVERSION = YES;
				CLANG_WARN_DEPRECATED_OBJC_IMPLEMENTATIONS = YES;
				CLANG_WARN_DIRECT_OBJC_ISA_USAGE = YES_ERROR;
				CLANG_WARN_DOCUMENTATION_COMMENTS = YES;
				CLANG_WARN_EMPTY_BODY = YES;
				CLANG_WARN_ENUM_CONVERSION = YES;
				CLANG_WARN_INFINITE_RECURSION = YES;
				CLANG_WARN_INT_CONVERSION = YES;
				CLANG_WARN_NON_LITERAL_NULL_CONVERSION = YES;
				CLANG_WARN_OBJC_IMPLICIT_RETAIN_SELF = YES;
				CLANG_WARN_OBJC_LITERAL_CONVERSION = YES;
				CLANG_WARN_OBJC_ROOT_CLASS = YES_ERROR;
				CLANG_WARN_QUOTED_INCLUDE_IN_FRAMEWORK_HEADER = YES;
				CLANG_WARN_RANGE_LOOP_ANALYSIS = YES;
				CLANG_WARN_STRICT_PROTOTYPES = YES;
				CLANG_WARN_SUSPICIOUS_MOVE = YES;
				CLANG_WARN_UNGUARDED_AVAILABILITY = YES_AGGRESSIVE;
				CLANG_WARN_UNREACHABLE_CODE = YES;
				CLANG_WARN__DUPLICATE_METHOD_MATCH = YES;
				COPY_PHASE_STRIP = NO;
				DEBUG_INFORMATION_FORMAT = dwarf;
				ENABLE_STRICT_OBJC_MSGSEND = YES;
				ENABLE_TESTABILITY = YES;
				GCC_C_LANGUAGE_STANDARD = gnu11;
				GCC_DYNAMIC_NO_PIC = NO;
				GCC_NO_COMMON_BLOCKS = YES;
				GCC_OPTIMIZATION_LEVEL = 0;
				GCC_PREPROCESSOR_DEFINITIONS = (
					"DEBUG=1",
					"$(inherited)",
				);
				GCC_WARN_64_TO_32_BIT_CONVERSION = YES;
				GCC_WARN_ABOUT_RETURN_TYPE = YES_ERROR;
				GCC_WARN_UNDECLARED_SELECTOR = YES;
				GCC_WARN_UNINITIALIZED_AUTOS = YES_AGGRESSIVE;
				GCC_WARN_UNUSED_FUNCTION = YES;
				GCC_WARN_UNUSED_VARIABLE = YES;
				IPHONEOS_DEPLOYMENT_TARGET = 14.2;
				MTL_ENABLE_DEBUG_INFO = INCLUDE_SOURCE;
				MTL_FAST_MATH = YES;
				ONLY_ACTIVE_ARCH = YES;
				SDKROOT = iphoneos;
				SWIFT_ACTIVE_COMPILATION_CONDITIONS = DEBUG;
				SWIFT_OPTIMIZATION_LEVEL = "-Onone";
			};
			name = Debug;
		};
		3ED2466D26E17C850036CE2E /* Release */ = {
			isa = XCBuildConfiguration;
			buildSettings = {
				ALWAYS_SEARCH_USER_PATHS = NO;
				CLANG_ANALYZER_NONNULL = YES;
				CLANG_ANALYZER_NUMBER_OBJECT_CONVERSION = YES_AGGRESSIVE;
				CLANG_CXX_LANGUAGE_STANDARD = "gnu++14";
				CLANG_CXX_LIBRARY = "libc++";
				CLANG_ENABLE_MODULES = YES;
				CLANG_ENABLE_OBJC_ARC = YES;
				CLANG_ENABLE_OBJC_WEAK = YES;
				CLANG_WARN_BLOCK_CAPTURE_AUTORELEASING = YES;
				CLANG_WARN_BOOL_CONVERSION = YES;
				CLANG_WARN_COMMA = YES;
				CLANG_WARN_CONSTANT_CONVERSION = YES;
				CLANG_WARN_DEPRECATED_OBJC_IMPLEMENTATIONS = YES;
				CLANG_WARN_DIRECT_OBJC_ISA_USAGE = YES_ERROR;
				CLANG_WARN_DOCUMENTATION_COMMENTS = YES;
				CLANG_WARN_EMPTY_BODY = YES;
				CLANG_WARN_ENUM_CONVERSION = YES;
				CLANG_WARN_INFINITE_RECURSION = YES;
				CLANG_WARN_INT_CONVERSION = YES;
				CLANG_WARN_NON_LITERAL_NULL_CONVERSION = YES;
				CLANG_WARN_OBJC_IMPLICIT_RETAIN_SELF = YES;
				CLANG_WARN_OBJC_LITERAL_CONVERSION = YES;
				CLANG_WARN_OBJC_ROOT_CLASS = YES_ERROR;
				CLANG_WARN_QUOTED_INCLUDE_IN_FRAMEWORK_HEADER = YES;
				CLANG_WARN_RANGE_LOOP_ANALYSIS = YES;
				CLANG_WARN_STRICT_PROTOTYPES = YES;
				CLANG_WARN_SUSPICIOUS_MOVE = YES;
				CLANG_WARN_UNGUARDED_AVAILABILITY = YES_AGGRESSIVE;
				CLANG_WARN_UNREACHABLE_CODE = YES;
				CLANG_WARN__DUPLICATE_METHOD_MATCH = YES;
				COPY_PHASE_STRIP = NO;
				DEBUG_INFORMATION_FORMAT = "dwarf-with-dsym";
				ENABLE_NS_ASSERTIONS = NO;
				ENABLE_STRICT_OBJC_MSGSEND = YES;
				GCC_C_LANGUAGE_STANDARD = gnu11;
				GCC_NO_COMMON_BLOCKS = YES;
				GCC_WARN_64_TO_32_BIT_CONVERSION = YES;
				GCC_WARN_ABOUT_RETURN_TYPE = YES_ERROR;
				GCC_WARN_UNDECLARED_SELECTOR = YES;
				GCC_WARN_UNINITIALIZED_AUTOS = YES_AGGRESSIVE;
				GCC_WARN_UNUSED_FUNCTION = YES;
				GCC_WARN_UNUSED_VARIABLE = YES;
				IPHONEOS_DEPLOYMENT_TARGET = 14.2;
				MTL_ENABLE_DEBUG_INFO = NO;
				MTL_FAST_MATH = YES;
				SDKROOT = iphoneos;
				SWIFT_COMPILATION_MODE = wholemodule;
				SWIFT_OPTIMIZATION_LEVEL = "-O";
				VALIDATE_PRODUCT = YES;
			};
			name = Release;
		};
		3ED2466F26E17C850036CE2E /* Debug */ = {
			isa = XCBuildConfiguration;
			buildSettings = {
				ASSETCATALOG_COMPILER_APPICON_NAME = AppIcon;
				ASSETCATALOG_COMPILER_GLOBAL_ACCENT_COLOR_NAME = AccentColor;
				CODE_SIGN_STYLE = Automatic;
				INFOPLIST_FILE = WetherApp/Info.plist;
				LD_RUNPATH_SEARCH_PATHS = (
					"$(inherited)",
					"@executable_path/Frameworks",
				);
				PRODUCT_BUNDLE_IDENTIFIER = "Mihail-Nazarov.WetherApp";
				PRODUCT_NAME = "$(TARGET_NAME)";
				SWIFT_VERSION = 5.0;
				TARGETED_DEVICE_FAMILY = "1,2";
			};
			name = Debug;
		};
		3ED2467026E17C850036CE2E /* Release */ = {
			isa = XCBuildConfiguration;
			buildSettings = {
				ASSETCATALOG_COMPILER_APPICON_NAME = AppIcon;
				ASSETCATALOG_COMPILER_GLOBAL_ACCENT_COLOR_NAME = AccentColor;
				CODE_SIGN_STYLE = Automatic;
				INFOPLIST_FILE = WetherApp/Info.plist;
				LD_RUNPATH_SEARCH_PATHS = (
					"$(inherited)",
					"@executable_path/Frameworks",
				);
				PRODUCT_BUNDLE_IDENTIFIER = "Mihail-Nazarov.WetherApp";
				PRODUCT_NAME = "$(TARGET_NAME)";
				SWIFT_VERSION = 5.0;
				TARGETED_DEVICE_FAMILY = "1,2";
			};
			name = Release;
		};
		3ED2467226E17C850036CE2E /* Debug */ = {
			isa = XCBuildConfiguration;
			buildSettings = {
				ALWAYS_EMBED_SWIFT_STANDARD_LIBRARIES = YES;
				BUNDLE_LOADER = "$(TEST_HOST)";
				CODE_SIGN_STYLE = Automatic;
				INFOPLIST_FILE = WetherAppTests/Info.plist;
				IPHONEOS_DEPLOYMENT_TARGET = 14.2;
				LD_RUNPATH_SEARCH_PATHS = (
					"$(inherited)",
					"@executable_path/Frameworks",
					"@loader_path/Frameworks",
				);
				PRODUCT_BUNDLE_IDENTIFIER = "Mihail-Nazarov.WetherAppTests";
				PRODUCT_NAME = "$(TARGET_NAME)";
				SWIFT_VERSION = 5.0;
				TARGETED_DEVICE_FAMILY = "1,2";
				TEST_HOST = "$(BUILT_PRODUCTS_DIR)/WetherApp.app/WetherApp";
			};
			name = Debug;
		};
		3ED2467326E17C850036CE2E /* Release */ = {
			isa = XCBuildConfiguration;
			buildSettings = {
				ALWAYS_EMBED_SWIFT_STANDARD_LIBRARIES = YES;
				BUNDLE_LOADER = "$(TEST_HOST)";
				CODE_SIGN_STYLE = Automatic;
				INFOPLIST_FILE = WetherAppTests/Info.plist;
				IPHONEOS_DEPLOYMENT_TARGET = 14.2;
				LD_RUNPATH_SEARCH_PATHS = (
					"$(inherited)",
					"@executable_path/Frameworks",
					"@loader_path/Frameworks",
				);
				PRODUCT_BUNDLE_IDENTIFIER = "Mihail-Nazarov.WetherAppTests";
				PRODUCT_NAME = "$(TARGET_NAME)";
				SWIFT_VERSION = 5.0;
				TARGETED_DEVICE_FAMILY = "1,2";
				TEST_HOST = "$(BUILT_PRODUCTS_DIR)/WetherApp.app/WetherApp";
			};
			name = Release;
		};
		3ED2467526E17C850036CE2E /* Debug */ = {
			isa = XCBuildConfiguration;
			buildSettings = {
				ALWAYS_EMBED_SWIFT_STANDARD_LIBRARIES = YES;
				CODE_SIGN_STYLE = Automatic;
				INFOPLIST_FILE = WetherAppUITests/Info.plist;
				LD_RUNPATH_SEARCH_PATHS = (
					"$(inherited)",
					"@executable_path/Frameworks",
					"@loader_path/Frameworks",
				);
				PRODUCT_BUNDLE_IDENTIFIER = "Mihail-Nazarov.WetherAppUITests";
				PRODUCT_NAME = "$(TARGET_NAME)";
				SWIFT_VERSION = 5.0;
				TARGETED_DEVICE_FAMILY = "1,2";
				TEST_TARGET_NAME = WetherApp;
			};
			name = Debug;
		};
		3ED2467626E17C850036CE2E /* Release */ = {
			isa = XCBuildConfiguration;
			buildSettings = {
				ALWAYS_EMBED_SWIFT_STANDARD_LIBRARIES = YES;
				CODE_SIGN_STYLE = Automatic;
				INFOPLIST_FILE = WetherAppUITests/Info.plist;
				LD_RUNPATH_SEARCH_PATHS = (
					"$(inherited)",
					"@executable_path/Frameworks",
					"@loader_path/Frameworks",
				);
				PRODUCT_BUNDLE_IDENTIFIER = "Mihail-Nazarov.WetherAppUITests";
				PRODUCT_NAME = "$(TARGET_NAME)";
				SWIFT_VERSION = 5.0;
				TARGETED_DEVICE_FAMILY = "1,2";
				TEST_TARGET_NAME = WetherApp;
			};
			name = Release;
		};
/* End XCBuildConfiguration section */

/* Begin XCConfigurationList section */
		3ED2463C26E17C830036CE2E /* Build configuration list for PBXProject "WetherApp" */ = {
			isa = XCConfigurationList;
			buildConfigurations = (
				3ED2466C26E17C850036CE2E /* Debug */,
				3ED2466D26E17C850036CE2E /* Release */,
			);
			defaultConfigurationIsVisible = 0;
			defaultConfigurationName = Release;
		};
		3ED2466E26E17C850036CE2E /* Build configuration list for PBXNativeTarget "WetherApp" */ = {
			isa = XCConfigurationList;
			buildConfigurations = (
				3ED2466F26E17C850036CE2E /* Debug */,
				3ED2467026E17C850036CE2E /* Release */,
			);
			defaultConfigurationIsVisible = 0;
			defaultConfigurationName = Release;
		};
		3ED2467126E17C850036CE2E /* Build configuration list for PBXNativeTarget "WetherAppTests" */ = {
			isa = XCConfigurationList;
			buildConfigurations = (
				3ED2467226E17C850036CE2E /* Debug */,
				3ED2467326E17C850036CE2E /* Release */,
			);
			defaultConfigurationIsVisible = 0;
			defaultConfigurationName = Release;
		};
		3ED2467426E17C850036CE2E /* Build configuration list for PBXNativeTarget "WetherAppUITests" */ = {
			isa = XCConfigurationList;
			buildConfigurations = (
				3ED2467526E17C850036CE2E /* Debug */,
				3ED2467626E17C850036CE2E /* Release */,
			);
			defaultConfigurationIsVisible = 0;
			defaultConfigurationName = Release;
		};
/* End XCConfigurationList section */

/* Begin XCVersionGroup section */
		3ED2464D26E17C830036CE2E /* WetherApp.xcdatamodeld */ = {
			isa = XCVersionGroup;
			children = (
				3ED2464E26E17C830036CE2E /* WetherApp.xcdatamodel */,
			);
			currentVersion = 3ED2464E26E17C830036CE2E /* WetherApp.xcdatamodel */;
			path = WetherApp.xcdatamodeld;
			sourceTree = "<group>";
			versionGroupType = wrapper.xcdatamodel;
		};
/* End XCVersionGroup section */
	};
	rootObject = 3ED2463926E17C830036CE2E /* Project object */;
}
